
Microsoft Visual Studio Solution File, Format Version 12.00
Project("{FAE04EC0-301F-11D3-BF4B-00C04F79EFBC}") = "Lab1", "Lab1\Lab1.csproj", "{421DF6D8-F6CF-45D4-8C70-B197C980D134}"
EndProject
Project("{FAE04EC0-301F-11D3-BF4B-00C04F79EFBC}") = "Lab2", "Lab2\Lab2.csproj", "{2D7804DB-CFF6-422A-A484-6B0DC96CD2ED}"
EndProject
Project("{FAE04EC0-301F-11D3-BF4B-00C04F79EFBC}") = "Lab3", "Lab3\Lab3.csproj", "{F97A1988-8412-40DD-9E8A-047643705202}"
EndProject
Global
	GlobalSection(SolutionConfigurationPlatforms) = preSolution
		Debug|Any CPU = Debug|Any CPU
		Release|Any CPU = Release|Any CPU
	EndGlobalSection
	GlobalSection(ProjectConfigurationPlatforms) = postSolution
		{421DF6D8-F6CF-45D4-8C70-B197C980D134}.Debug|Any CPU.ActiveCfg = Debug|Any CPU
		{421DF6D8-F6CF-45D4-8C70-B197C980D134}.Debug|Any CPU.Build.0 = Debug|Any CPU
		{421DF6D8-F6CF-45D4-8C70-B197C980D134}.Release|Any CPU.ActiveCfg = Release|Any CPU
		{421DF6D8-F6CF-45D4-8C70-B197C980D134}.Release|Any CPU.Build.0 = Release|Any CPU
		{2D7804DB-CFF6-422A-A484-6B0DC96CD2ED}.Debug|Any CPU.ActiveCfg = Debug|Any CPU
		{2D7804DB-CFF6-422A-A484-6B0DC96CD2ED}.Debug|Any CPU.Build.0 = Debug|Any CPU
		{2D7804DB-CFF6-422A-A484-6B0DC96CD2ED}.Release|Any CPU.ActiveCfg = Release|Any CPU
		{2D7804DB-CFF6-422A-A484-6B0DC96CD2ED}.Release|Any CPU.Build.0 = Release|Any CPU
		{F97A1988-8412-40DD-9E8A-047643705202}.Debug|Any CPU.ActiveCfg = Debug|Any CPU
		{F97A1988-8412-40DD-9E8A-047643705202}.Debug|Any CPU.Build.0 = Debug|Any CPU
		{F97A1988-8412-40DD-9E8A-047643705202}.Release|Any CPU.ActiveCfg = Release|Any CPU
		{F97A1988-8412-40DD-9E8A-047643705202}.Release|Any CPU.Build.0 = Release|Any CPU
	EndGlobalSection
EndGlobal
